
Microsoft Visual Studio Solution File, Format Version 12.00
# Visual Studio Version 17
VisualStudioVersion = 17.11.35208.52
MinimumVisualStudioVersion = 10.0.40219.1
Project("{FAE04EC0-301F-11D3-BF4B-00C04F79EFBC}") = "Northwind.API", "Northwind.API\Northwind.API.csproj", "{1935E7AE-0742-4E2E-A2CE-C2D29A6DB621}"
EndProject
Global
	GlobalSection(SolutionConfigurationPlatforms) = preSolution
		Debug|Any CPU = Debug|Any CPU
		Release|Any CPU = Release|Any CPU
	EndGlobalSection
	GlobalSection(ProjectConfigurationPlatforms) = postSolution
		{1935E7AE-0742-4E2E-A2CE-C2D29A6DB621}.Debug|Any CPU.ActiveCfg = Debug|Any CPU
		{1935E7AE-0742-4E2E-A2CE-C2D29A6DB621}.Debug|Any CPU.Build.0 = Debug|Any CPU
		{1935E7AE-0742-4E2E-A2CE-C2D29A6DB621}.Release|Any CPU.ActiveCfg = Release|Any CPU
		{1935E7AE-0742-4E2E-A2CE-C2D29A6DB621}.Release|Any CPU.Build.0 = Release|Any CPU
	EndGlobalSection
	GlobalSection(SolutionProperties) = preSolution
		HideSolutionNode = FALSE
	EndGlobalSection
	GlobalSection(ExtensibilityGlobals) = postSolution
		SolutionGuid = {A6E94387-6B0D-4C7A-A6CF-D28F80B617FB}
	EndGlobalSection
EndGlobal
